
Microsoft Visual Studio Solution File, Format Version 12.00
# Visual Studio Version 17
VisualStudioVersion = 17.7.34221.43
MinimumVisualStudioVersion = 10.0.40219.1
Project("{8BC9CEB8-8B4A-11D0-8D11-00A0C91BC942}") = "C8_5", "C8_5\C8_5.vcxproj", "{F25D49FB-5FDF-4C48-AE89-B5ADAC06A1A8}"
EndProject
Global
	GlobalSection(SolutionConfigurationPlatforms) = preSolution
		Debug|x64 = Debug|x64
		Debug|x86 = Debug|x86
		Release|x64 = Release|x64
		Release|x86 = Release|x86
	EndGlobalSection
	GlobalSection(ProjectConfigurationPlatforms) = postSolution
		{F25D49FB-5FDF-4C48-AE89-B5ADAC06A1A8}.Debug|x64.ActiveCfg = Debug|x64
		{F25D49FB-5FDF-4C48-AE89-B5ADAC06A1A8}.Debug|x64.Build.0 = Debug|x64
		{F25D49FB-5FDF-4C48-AE89-B5ADAC06A1A8}.Debug|x86.ActiveCfg = Debug|Win32
		{F25D49FB-5FDF-4C48-AE89-B5ADAC06A1A8}.Debug|x86.Build.0 = Debug|Win32
		{F25D49FB-5FDF-4C48-AE89-B5ADAC06A1A8}.Release|x64.ActiveCfg = Release|x64
		{F25D49FB-5FDF-4C48-AE89-B5ADAC06A1A8}.Release|x64.Build.0 = Release|x64
		{F25D49FB-5FDF-4C48-AE89-B5ADAC06A1A8}.Release|x86.ActiveCfg = Release|Win32
		{F25D49FB-5FDF-4C48-AE89-B5ADAC06A1A8}.Release|x86.Build.0 = Release|Win32
	EndGlobalSection
	GlobalSection(SolutionProperties) = preSolution
		HideSolutionNode = FALSE
	EndGlobalSection
	GlobalSection(ExtensibilityGlobals) = postSolution
		SolutionGuid = {8393B0D3-2A4C-4D7B-A0BB-1B58844DB310}
	EndGlobalSection
EndGlobal
