
Microsoft Visual Studio Solution File, Format Version 12.00
# Visual Studio Version 17
VisualStudioVersion = 17.7.34221.43
MinimumVisualStudioVersion = 10.0.40219.1
Project("{8BC9CEB8-8B4A-11D0-8D11-00A0C91BC942}") = "C8_13", "C8_13\C8_13.vcxproj", "{85C32933-EA3A-4ADD-97E4-5F27676784D2}"
EndProject
Global
	GlobalSection(SolutionConfigurationPlatforms) = preSolution
		Debug|x64 = Debug|x64
		Debug|x86 = Debug|x86
		Release|x64 = Release|x64
		Release|x86 = Release|x86
	EndGlobalSection
	GlobalSection(ProjectConfigurationPlatforms) = postSolution
		{85C32933-EA3A-4ADD-97E4-5F27676784D2}.Debug|x64.ActiveCfg = Debug|x64
		{85C32933-EA3A-4ADD-97E4-5F27676784D2}.Debug|x64.Build.0 = Debug|x64
		{85C32933-EA3A-4ADD-97E4-5F27676784D2}.Debug|x86.ActiveCfg = Debug|Win32
		{85C32933-EA3A-4ADD-97E4-5F27676784D2}.Debug|x86.Build.0 = Debug|Win32
		{85C32933-EA3A-4ADD-97E4-5F27676784D2}.Release|x64.ActiveCfg = Release|x64
		{85C32933-EA3A-4ADD-97E4-5F27676784D2}.Release|x64.Build.0 = Release|x64
		{85C32933-EA3A-4ADD-97E4-5F27676784D2}.Release|x86.ActiveCfg = Release|Win32
		{85C32933-EA3A-4ADD-97E4-5F27676784D2}.Release|x86.Build.0 = Release|Win32
	EndGlobalSection
	GlobalSection(SolutionProperties) = preSolution
		HideSolutionNode = FALSE
	EndGlobalSection
	GlobalSection(ExtensibilityGlobals) = postSolution
		SolutionGuid = {16DBB039-7A0A-462A-92FA-346D38CC81B5}
	EndGlobalSection
EndGlobal
