
Microsoft Visual Studio Solution File, Format Version 12.00
# Visual Studio Version 17
VisualStudioVersion = 17.7.34221.43
MinimumVisualStudioVersion = 10.0.40219.1
Project("{8BC9CEB8-8B4A-11D0-8D11-00A0C91BC942}") = "C7_41", "C7_41\C7_41.vcxproj", "{ADC0F871-2AAD-400D-AB59-806AFADCA07D}"
EndProject
Global
	GlobalSection(SolutionConfigurationPlatforms) = preSolution
		Debug|x64 = Debug|x64
		Debug|x86 = Debug|x86
		Release|x64 = Release|x64
		Release|x86 = Release|x86
	EndGlobalSection
	GlobalSection(ProjectConfigurationPlatforms) = postSolution
		{ADC0F871-2AAD-400D-AB59-806AFADCA07D}.Debug|x64.ActiveCfg = Debug|x64
		{ADC0F871-2AAD-400D-AB59-806AFADCA07D}.Debug|x64.Build.0 = Debug|x64
		{ADC0F871-2AAD-400D-AB59-806AFADCA07D}.Debug|x86.ActiveCfg = Debug|Win32
		{ADC0F871-2AAD-400D-AB59-806AFADCA07D}.Debug|x86.Build.0 = Debug|Win32
		{ADC0F871-2AAD-400D-AB59-806AFADCA07D}.Release|x64.ActiveCfg = Release|x64
		{ADC0F871-2AAD-400D-AB59-806AFADCA07D}.Release|x64.Build.0 = Release|x64
		{ADC0F871-2AAD-400D-AB59-806AFADCA07D}.Release|x86.ActiveCfg = Release|Win32
		{ADC0F871-2AAD-400D-AB59-806AFADCA07D}.Release|x86.Build.0 = Release|Win32
	EndGlobalSection
	GlobalSection(SolutionProperties) = preSolution
		HideSolutionNode = FALSE
	EndGlobalSection
	GlobalSection(ExtensibilityGlobals) = postSolution
		SolutionGuid = {2B75C8F5-9A3A-4152-A304-7C5D184630B8}
	EndGlobalSection
EndGlobal
